
Microsoft Visual Studio Solution File, Format Version 12.00
# Visual Studio 14
VisualStudioVersion = 14.0.24720.0
MinimumVisualStudioVersion = 10.0.40219.1
Project("{FAE04EC0-301F-11D3-BF4B-00C04F79EFBC}") = "SkypeSniffer", "SkypeSniffer\SkypeSniffer.csproj", "{5F7EA9E3-D468-4B1B-BE78-C0113FA9E92C}"
EndProject
Project("{FAE04EC0-301F-11D3-BF4B-00C04F79EFBC}") = "SkypeStatistic", "SkypeStatistic\SkypeStatistic.csproj", "{D167DA6E-21A2-40D1-8B27-1A1E3467F1BE}"
EndProject
Global
	GlobalSection(SolutionConfigurationPlatforms) = preSolution
		Debug|Any CPU = Debug|Any CPU
		Release|Any CPU = Release|Any CPU
	EndGlobalSection
	GlobalSection(ProjectConfigurationPlatforms) = postSolution
		{5F7EA9E3-D468-4B1B-BE78-C0113FA9E92C}.Debug|Any CPU.ActiveCfg = Debug|Any CPU
		{5F7EA9E3-D468-4B1B-BE78-C0113FA9E92C}.Debug|Any CPU.Build.0 = Debug|Any CPU
		{5F7EA9E3-D468-4B1B-BE78-C0113FA9E92C}.Release|Any CPU.ActiveCfg = Release|Any CPU
		{5F7EA9E3-D468-4B1B-BE78-C0113FA9E92C}.Release|Any CPU.Build.0 = Release|Any CPU
		{D167DA6E-21A2-40D1-8B27-1A1E3467F1BE}.Debug|Any CPU.ActiveCfg = Debug|Any CPU
		{D167DA6E-21A2-40D1-8B27-1A1E3467F1BE}.Debug|Any CPU.Build.0 = Debug|Any CPU
		{D167DA6E-21A2-40D1-8B27-1A1E3467F1BE}.Release|Any CPU.ActiveCfg = Release|Any CPU
		{D167DA6E-21A2-40D1-8B27-1A1E3467F1BE}.Release|Any CPU.Build.0 = Release|Any CPU
	EndGlobalSection
	GlobalSection(SolutionProperties) = preSolution
		HideSolutionNode = FALSE
	EndGlobalSection
EndGlobal
